
Microsoft Visual Studio Solution File, Format Version 12.00
# Visual Studio Version 16
VisualStudioVersion = 16.0.29613.14
MinimumVisualStudioVersion = 10.0.40219.1
Project("{FAE04EC0-301F-11D3-BF4B-00C04F79EFBC}") = "TestEFCORE", "TestEFCORE\TestEFCORE.csproj", "{E8B764F4-E4EA-4743-837E-9F113A462A05}"
EndProject
Global
	GlobalSection(SolutionConfigurationPlatforms) = preSolution
		Debug|Any CPU = Debug|Any CPU
		Release|Any CPU = Release|Any CPU
	EndGlobalSection
	GlobalSection(ProjectConfigurationPlatforms) = postSolution
		{E8B764F4-E4EA-4743-837E-9F113A462A05}.Debug|Any CPU.ActiveCfg = Debug|Any CPU
		{E8B764F4-E4EA-4743-837E-9F113A462A05}.Debug|Any CPU.Build.0 = Debug|Any CPU
		{E8B764F4-E4EA-4743-837E-9F113A462A05}.Release|Any CPU.ActiveCfg = Release|Any CPU
		{E8B764F4-E4EA-4743-837E-9F113A462A05}.Release|Any CPU.Build.0 = Release|Any CPU
	EndGlobalSection
	GlobalSection(SolutionProperties) = preSolution
		HideSolutionNode = FALSE
	EndGlobalSection
	GlobalSection(ExtensibilityGlobals) = postSolution
		SolutionGuid = {9BAAB381-6EB0-422B-8626-515A59DBCE7E}
	EndGlobalSection
EndGlobal
